
Microsoft Visual Studio Solution File, Format Version 12.00
# Visual Studio 15
VisualStudioVersion = 15.0.28010.2019
MinimumVisualStudioVersion = 10.0.40219.1
Project("{FAE04EC0-301F-11D3-BF4B-00C04F79EFBC}") = "DXSample21", "DXSample21\DXSample21.csproj", "{5E655CC2-3420-4B8D-BCFD-39E5EB45A7D2}"
EndProject
Global
	GlobalSection(SolutionConfigurationPlatforms) = preSolution
		Debug|Any CPU = Debug|Any CPU
		Release|Any CPU = Release|Any CPU
	EndGlobalSection
	GlobalSection(ProjectConfigurationPlatforms) = postSolution
		{5E655CC2-3420-4B8D-BCFD-39E5EB45A7D2}.Debug|Any CPU.ActiveCfg = Debug|Any CPU
		{5E655CC2-3420-4B8D-BCFD-39E5EB45A7D2}.Debug|Any CPU.Build.0 = Debug|Any CPU
		{5E655CC2-3420-4B8D-BCFD-39E5EB45A7D2}.Release|Any CPU.ActiveCfg = Release|Any CPU
		{5E655CC2-3420-4B8D-BCFD-39E5EB45A7D2}.Release|Any CPU.Build.0 = Release|Any CPU
	EndGlobalSection
	GlobalSection(SolutionProperties) = preSolution
		HideSolutionNode = FALSE
	EndGlobalSection
	GlobalSection(ExtensibilityGlobals) = postSolution
		SolutionGuid = {DFF35356-A68A-486D-921C-905F55BA2AB2}
	EndGlobalSection
EndGlobal
